Microsoft Visual Studio Solution File, Format Version 12.00
# Visual Studio Version 17
VisualStudioVersion = 17.5.2.0
MinimumVisualStudioVersion = 10.0.40219.1
Project("{FAE04EC0-301F-11D3-BF4B-00C04F79EFBC}") = "Fiddle", "Fiddle.csproj", "{22CC3969-3F9E-BFF9-3726-5AAAE72A815C}"
EndProject
Global
	GlobalSection(SolutionConfigurationPlatforms) = preSolution
		Debug|Any CPU = Debug|Any CPU
		Release|Any CPU = Release|Any CPU
	EndGlobalSection
	GlobalSection(ProjectConfigurationPlatforms) = postSolution
		{22CC3969-3F9E-BFF9-3726-5AAAE72A815C}.Debug|Any CPU.ActiveCfg = Debug|Any CPU
		{22CC3969-3F9E-BFF9-3726-5AAAE72A815C}.Debug|Any CPU.Build.0 = Debug|Any CPU
		{22CC3969-3F9E-BFF9-3726-5AAAE72A815C}.Release|Any CPU.ActiveCfg = Release|Any CPU
		{22CC3969-3F9E-BFF9-3726-5AAAE72A815C}.Release|Any CPU.Build.0 = Release|Any CPU
	EndGlobalSection
	GlobalSection(SolutionProperties) = preSolution
		HideSolutionNode = FALSE
	EndGlobalSection
	GlobalSection(ExtensibilityGlobals) = postSolution
		SolutionGuid = {57D3CBC2-3782-4B11-A9BF-13FC7C947B00}
	EndGlobalSection
EndGlobal
